# THIS IS AN AUTOGENERATED FILE. DO NOT EDIT THIS FILE DIRECTLY.
# yarn lockfile v1


"@fortawesome/fontawesome-free@>=6.0.0-beta2":
  version "6.0.0-beta2"
  resolved "https://registry.yarnpkg.com/@fortawesome/fontawesome-free/-/fontawesome-free-6.0.0-beta2.tgz#d66c6e9aad085d003f2cf88244f6adce16e07f78"
  integrity sha512-od2COSiBZ70dB5YgZuZEJ3Jy3RHFUhKKjN4dBxNVtmC8DYlyuI4q9wUSzmpLWXQVnRTADRoOLywA9E6SRaS6YQ==

reveal.js@>=4.1:
  version "4.2.0"
  resolved "https://registry.yarnpkg.com/reveal.js/-/reveal.js-4.2.0.tgz#a36d2dc2c296ad710f367157d1448379b52ecfd7"
  integrity sha512-ukvq+a/kBu88jCJaQBCkYQ+vjaNUhlI50Y2GlNl4MS6OVnFHL+2Jb6XBZS4MDRWs3lLZAA3wXEu3xKFn8ebX0A==
